// !$*UTF8*$!
{
	archiveVersion = 1;
	classes = {
	};
	objectVersion = 56;
	objects = {

/* Begin PBXBuildFile section */
		C4718B6C2D1068AB0032D712 /* athrApp.swift in Sources */ = {isa = PBXBuildFile; fileRef = C4718B6B2D1068AB0032D712 /* athrApp.swift */; };
		C4718B6E2D1068AB0032D712 /* ContentView.swift in Sources */ = {isa = PBXBuildFile; fileRef = C4718B6D2D1068AB0032D712 /* ContentView.swift */; };
		C4718B702D1068AD0032D712 /* Assets.xcassets in Resources */ = {isa = PBXBuildFile; fileRef = C4718B6F2D1068AD0032D712 /* Assets.xcassets */; };
		C4718B732D1068AD0032D712 /* Preview Assets.xcassets in Resources */ = {isa = PBXBuildFile; fileRef = C4718B722D1068AD0032D712 /* Preview Assets.xcassets */; };
		C4718B7D2D1068AD0032D712 /* athrTests.swift in Sources */ = {isa = PBXBuildFile; fileRef = C4718B7C2D1068AD0032D712 /* athrTests.swift */; };
		C4718B872D1068AD0032D712 /* athrUITests.swift in Sources */ = {isa = PBXBuildFile; fileRef = C4718B862D1068AD0032D712 /* athrUITests.swift */; };
		C4718B892D1068AD0032D712 /* athrUITestsLaunchTests.swift in Sources */ = {isa = PBXBuildFile; fileRef = C4718B882D1068AD0032D712 /* athrUITestsLaunchTests.swift */; };
/* End PBXBuildFile section */

/* Begin PBXContainerItemProxy section */
		C4718B792D1068AD0032D712 /* PBXContainerItemProxy */ = {
			isa = PBXContainerItemProxy;
			containerPortal = C4718B602D1068AB0032D712 /* Project object */;
			proxyType = 1;
			remoteGlobalIDString = C4718B672D1068AB0032D712;
			remoteInfo = athr;
		};
		C4718B832D1068AD0032D712 /* PBXContainerItemProxy */ = {
			isa = PBXContainerItemProxy;
			containerPortal = C4718B602D1068AB0032D712 /* Project object */;
			proxyType = 1;
			remoteGlobalIDString = C4718B672D1068AB0032D712;
			remoteInfo = athr;
		};
/* End PBXContainerItemProxy section */

/* Begin PBXFileReference section */
		C4718B682D1068AB0032D712 /* athr.app */ = {isa = PBXFileReference; explicitFileType = wrapper.application; includeInIndex = 0; path = athr.app; sourceTree = BUILT_PRODUCTS_DIR; };
		C4718B6B2D1068AB0032D712 /* athrApp.swift */ = {isa = PBXFileReference; lastKnownFileType = sourcecode.swift; path = athrApp.swift; sourceTree = "<group>"; };
		C4718B6D2D1068AB0032D712 /* ContentView.swift */ = {isa = PBXFileReference; lastKnownFileType = sourcecode.swift; path = ContentView.swift; sourceTree = "<group>"; };
		C4718B6F2D1068AD0032D712 /* Assets.xcassets */ = {isa = PBXFileReference; lastKnownFileType = folder.assetcatalog; path = Assets.xcassets; sourceTree = "<group>"; };
		C4718B722D1068AD0032D712 /* Preview Assets.xcassets */ = {isa = PBXFileReference; lastKnownFileType = folder.assetcatalog; path = "Preview Assets.xcassets"; sourceTree = "<group>"; };
		C4718B782D1068AD0032D712 /* athrTests.xctest */ = {isa = PBXFileReference; explicitFileType = wrapper.cfbundle; includeInIndex = 0; path = athrTests.xctest; sourceTree = BUILT_PRODUCTS_DIR; };
		C4718B7C2D1068AD0032D712 /* athrTests.swift */ = {isa = PBXFileReference; lastKnownFileType = sourcecode.swift; path = athrTests.swift; sourceTree = "<group>"; };
		C4718B822D1068AD0032D712 /* athrUITests.xctest */ = {isa = PBXFileReference; explicitFileType = wrapper.cfbundle; includeInIndex = 0; path = athrUITests.xctest; sourceTree = BUILT_PRODUCTS_DIR; };
		C4718B862D1068AD0032D712 /* athrUITests.swift */ = {isa = PBXFileReference; lastKnownFileType = sourcecode.swift; path = athrUITests.swift; sourceTree = "<group>"; };
		C4718B882D1068AD0032D712 /* athrUITestsLaunchTests.swift */ = {isa = PBXFileReference; lastKnownFileType = sourcecode.swift; path = athrUITestsLaunchTests.swift; sourceTree = "<group>"; };
/* End PBXFileReference section */

/* Begin PBXFrameworksBuildPhase section */
		C4718B652D1068AB0032D712 /* Frameworks */ = {
			isa = PBXFrameworksBuildPhase;
			buildActionMask = 2147483647;
			files = (
			);
			runOnlyForDeploymentPostprocessing = 0;
		};
		C4718B752D1068AD0032D712 /* Frameworks */ = {
			isa = PBXFrameworksBuildPhase;
			buildActionMask = 2147483647;
			files = (
			);
			runOnlyForDeploymentPostprocessing = 0;
		};
		C4718B7F2D1068AD0032D712 /* Frameworks */ = {
			isa = PBXFrameworksBuildPhase;
			buildActionMask = 2147483647;
			files = (
			);
			runOnlyForDeploymentPostprocessing = 0;
		};
/* End PBXFrameworksBuildPhase section */

/* Begin PBXGroup section */
		C4718B5F2D1068AB0032D712 = {
			isa = PBXGroup;
			children = (
				C4718B6A2D1068AB0032D712 /* athr */,
				C4718B7B2D1068AD0032D712 /* athrTests */,
				C4718B852D1068AD0032D712 /* athrUITests */,
				C4718B692D1068AB0032D712 /* Products */,
			);
			sourceTree = "<group>";
		};
		C4718B692D1068AB0032D712 /* Products */ = {
			isa = PBXGroup;
			children = (
				C4718B682D1068AB0032D712 /* athr.app */,
				C4718B782D1068AD0032D712 /* athrTests.xctest */,
				C4718B822D1068AD0032D712 /* athrUITests.xctest */,
			);
			name = Products;
			sourceTree = "<group>";
		};
		C4718B6A2D1068AB0032D712 /* athr */ = {
			isa = PBXGroup;
			children = (
				C4718B6B2D1068AB0032D712 /* athrApp.swift */,
				C4718B6D2D1068AB0032D712 /* ContentView.swift */,
				C4718B6F2D1068AD0032D712 /* Assets.xcassets */,
				C4718B712D1068AD0032D712 /* Preview Content */,
			);
			path = athr;
			sourceTree = "<group>";
		};
		C4718B712D1068AD0032D712 /* Preview Content */ = {
			isa = PBXGroup;
			children = (
				C4718B722D1068AD0032D712 /* Preview Assets.xcassets */,
			);
			path = "Preview Content";
			sourceTree = "<group>";
		};
		C4718B7B2D1068AD0032D712 /* athrTests */ = {
			isa = PBXGroup;
			children = (
				C4718B7C2D1068AD0032D712 /* athrTests.swift */,
			);
			path = athrTests;
			sourceTree = "<group>";
		};
		C4718B852D1068AD0032D712 /* athrUITests */ = {
			isa = PBXGroup;
			children = (
				C4718B862D1068AD0032D712 /* athrUITests.swift */,
				C4718B882D1068AD0032D712 /* athrUITestsLaunchTests.swift */,
			);
			path = athrUITests;
			sourceTree = "<group>";
		};
/* End PBXGroup section */

/* Begin PBXNativeTarget section */
		C4718B672D1068AB0032D712 /* athr */ = {
			isa = PBXNativeTarget;
			buildConfigurationList = C4718B8C2D1068AD0032D712 /* Build configuration list for PBXNativeTarget "athr" */;
			buildPhases = (
				C4718B642D1068AB0032D712 /* Sources */,
				C4718B652D1068AB0032D712 /* Frameworks */,
				C4718B662D1068AB0032D712 /* Resources */,
			);
			buildRules = (
			);
			dependencies = (
			);
			name = athr;
			productName = athr;
			productReference = C4718B682D1068AB0032D712 /* athr.app */;
			productType = "com.apple.product-type.application";
		};
		C4718B772D1068AD0032D712 /* athrTests */ = {
			isa = PBXNativeTarget;
			buildConfigurationList = C4718B8F2D1068AD0032D712 /* Build configuration list for PBXNativeTarget "athrTests" */;
			buildPhases = (
				C4718B742D1068AD0032D712 /* Sources */,
				C4718B752D1068AD0032D712 /* Frameworks */,
				C4718B762D1068AD0032D712 /* Resources */,
			);
			buildRules = (
			);
			dependencies = (
				C4718B7A2D1068AD0032D712 /* PBXTargetDependency */,
			);
			name = athrTests;
			productName = athrTests;
			productReference = C4718B782D1068AD0032D712 /* athrTests.xctest */;
			productType = "com.apple.product-type.bundle.unit-test";
		};
		C4718B812D1068AD0032D712 /* athrUITests */ = {
			isa = PBXNativeTarget;
			buildConfigurationList = C4718B922D1068AD0032D712 /* Build configuration list for PBXNativeTarget "athrUITests" */;
			buildPhases = (
				C4718B7E2D1068AD0032D712 /* Sources */,
				C4718B7F2D1068AD0032D712 /* Frameworks */,
				C4718B802D1068AD0032D712 /* Resources */,
			);
			buildRules = (
			);
			dependencies = (
				C4718B842D1068AD0032D712 /* PBXTargetDependency */,
			);
			name = athrUITests;
			productName = athrUITests;
			productReference = C4718B822D1068AD0032D712 /* athrUITests.xctest */;
			productType = "com.apple.product-type.bundle.ui-testing";
		};
/* End PBXNativeTarget section */

/* Begin PBXProject section */
		C4718B602D1068AB0032D712 /* Project object */ = {
			isa = PBXProject;
			attributes = {
				BuildIndependentTargetsInParallel = 1;
				LastSwiftUpdateCheck = 1540;
				LastUpgradeCheck = 1540;
				TargetAttributes = {
					C4718B672D1068AB0032D712 = {
						CreatedOnToolsVersion = 15.4;
					};
					C4718B772D1068AD0032D712 = {
						CreatedOnToolsVersion = 15.4;
						TestTargetID = C4718B672D1068AB0032D712;
					};
					C4718B812D1068AD0032D712 = {
						CreatedOnToolsVersion = 15.4;
						TestTargetID = C4718B672D1068AB0032D712;
					};
				};
			};
			buildConfigurationList = C4718B632D1068AB0032D712 /* Build configuration list for PBXProject "athr" */;
			compatibilityVersion = "Xcode 14.0";
			developmentRegion = en;
			hasScannedForEncodings = 0;
			knownRegions = (
				en,
				Base,
			);
			mainGroup = C4718B5F2D1068AB0032D712;
			productRefGroup = C4718B692D1068AB0032D712 /* Products */;
			projectDirPath = "";
			projectRoot = "";
			targets = (
				C4718B672D1068AB0032D712 /* athr */,
				C4718B772D1068AD0032D712 /* athrTests */,
				C4718B812D1068AD0032D712 /* athrUITests */,
			);
		};
/* End PBXProject section */

/* Begin PBXResourcesBuildPhase section */
		C4718B662D1068AB0032D712 /* Resources */ = {
			isa = PBXResourcesBuildPhase;
			buildActionMask = 2147483647;
			files = (
				C4718B732D1068AD0032D712 /* Preview Assets.xcassets in Resources */,
				C4718B702D1068AD0032D712 /* Assets.xcassets in Resources */,
			);
			runOnlyForDeploymentPostprocessing = 0;
		};
		C4718B762D1068AD0032D712 /* Resources */ = {
			isa = PBXResourcesBuildPhase;
			buildActionMask = 2147483647;
			files = (
			);
			runOnlyForDeploymentPostprocessing = 0;
		};
		C4718B802D1068AD0032D712 /* Resources */ = {
			isa = PBXResourcesBuildPhase;
			buildActionMask = 2147483647;
			files = (
			);
			runOnlyForDeploymentPostprocessing = 0;
		};
/* End PBXResourcesBuildPhase section */

/* Begin PBXSourcesBuildPhase section */
		C4718B642D1068AB0032D712 /* Sources */ = {
			isa = PBXSourcesBuildPhase;
			buildActionMask = 2147483647;
			files = (
				C4718B6E2D1068AB0032D712 /* ContentView.swift in Sources */,
				C4718B6C2D1068AB0032D712 /* athrApp.swift in Sources */,
			);
			runOnlyForDeploymentPostprocessing = 0;
		};
		C4718B742D1068AD0032D712 /* Sources */ = {
			isa = PBXSourcesBuildPhase;
			buildActionMask = 2147483647;
			files = (
				C4718B7D2D1068AD0032D712 /* athrTests.swift in Sources */,
			);
			runOnlyForDeploymentPostprocessing = 0;
		};
		C4718B7E2D1068AD0032D712 /* Sources */ = {
			isa = PBXSourcesBuildPhase;
			buildActionMask = 2147483647;
			files = (
				C4718B872D1068AD0032D712 /* athrUITests.swift in Sources */,
				C4718B892D1068AD0032D712 /* athrUITestsLaunchTests.swift in Sources */,
			);
			runOnlyForDeploymentPostprocessing = 0;
		};
/* End PBXSourcesBuildPhase section */

/* Begin PBXTargetDependency section */
		C4718B7A2D1068AD0032D712 /* PBXTargetDependency */ = {
			isa = PBXTargetDependency;
			target = C4718B672D1068AB0032D712 /* athr */;
			targetProxy = C4718B792D1068AD0032D712 /* PBXContainerItemProxy */;
		};
		C4718B842D1068AD0032D712 /* PBXTargetDependency */ = {
			isa = PBXTargetDependency;
			target = C4718B672D1068AB0032D712 /* athr */;
			targetProxy = C4718B832D1068AD0032D712 /* PBXContainerItemProxy */;
		};
/* End PBXTargetDependency section */

/* Begin XCBuildConfiguration section */
		C4718B8A2D1068AD0032D712 /* Debug */ = {
			isa = XCBuildConfiguration;
			buildSettings = {
				ALWAYS_SEARCH_USER_PATHS = NO;
				ASSETCATALOG_COMPILER_GENERATE_SWIFT_ASSET_SYMBOL_EXTENSIONS = YES;
				CLANG_ANALYZER_NONNULL = YES;
				CLANG_ANALYZER_NUMBER_OBJECT_CONVERSION = YES_AGGRESSIVE;
				CLANG_CXX_LANGUAGE_STANDARD = "gnu++20";
				CLANG_ENABLE_MODULES = YES;
				CLANG_ENABLE_OBJC_ARC = YES;
				CLANG_ENABLE_OBJC_WEAK = YES;
				CLANG_WARN_BLOCK_CAPTURE_AUTORELEASING = YES;
				CLANG_WARN_BOOL_CONVERSION = YES;
				CLANG_WARN_COMMA = YES;
				CLANG_WARN_CONSTANT_CONVERSION = YES;
				CLANG_WARN_DEPRECATED_OBJC_IMPLEMENTATIONS = YES;
				CLANG_WARN_DIRECT_OBJC_ISA_USAGE = YES_ERROR;
				CLANG_WARN_DOCUMENTATION_COMMENTS = YES;
				CLANG_WARN_EMPTY_BODY = YES;
				CLANG_WARN_ENUM_CONVERSION = YES;
				CLANG_WARN_INFINITE_RECURSION = YES;
				CLANG_WARN_INT_CONVERSION = YES;
				CLANG_WARN_NON_LITERAL_NULL_CONVERSION = YES;
				CLANG_WARN_OBJC_IMPLICIT_RETAIN_SELF = YES;
				CLANG_WARN_OBJC_LITERAL_CONVERSION = YES;
				CLANG_WARN_OBJC_ROOT_CLASS = YES_ERROR;
				CLANG_WARN_QUOTED_INCLUDE_IN_FRAMEWORK_HEADER = YES;
				CLANG_WARN_RANGE_LOOP_ANALYSIS = YES;
				CLANG_WARN_STRICT_PROTOTYPES = YES;
				CLANG_WARN_SUSPICIOUS_MOVE = YES;
				CLANG_WARN_UNGUARDED_AVAILABILITY = YES_AGGRESSIVE;
				CLANG_WARN_UNREACHABLE_CODE = YES;
				CLANG_WARN__DUPLICATE_METHOD_MATCH = YES;
				COPY_PHASE_STRIP = NO;
				DEBUG_INFORMATION_FORMAT = dwarf;
				ENABLE_STRICT_OBJC_MSGSEND = YES;
				ENABLE_TESTABILITY = YES;
				ENABLE_USER_SCRIPT_SANDBOXING = YES;
				GCC_C_LANGUAGE_STANDARD = gnu17;
				GCC_DYNAMIC_NO_PIC = NO;
				GCC_NO_COMMON_BLOCKS = YES;
				GCC_OPTIMIZATION_LEVEL = 0;
				GCC_PREPROCESSOR_DEFINITIONS = (
					"DEBUG=1",
					"$(inherited)",
				);
				GCC_WARN_64_TO_32_BIT_CONVERSION = YES;
				GCC_WARN_ABOUT_RETURN_TYPE = YES_ERROR;
				GCC_WARN_UNDECLARED_SELECTOR = YES;
				GCC_WARN_UNINITIALIZED_AUTOS = YES_AGGRESSIVE;
				GCC_WARN_UNUSED_FUNCTION = YES;
				GCC_WARN_UNUSED_VARIABLE = YES;
				IPHONEOS_DEPLOYMENT_TARGET = 17.5;
				LOCALIZATION_PREFERS_STRING_CATALOGS = YES;
				MTL_ENABLE_DEBUG_INFO = INCLUDE_SOURCE;
				MTL_FAST_MATH = YES;
				ONLY_ACTIVE_ARCH = YES;
				SDKROOT = iphoneos;
				SWIFT_ACTIVE_COMPILATION_CONDITIONS = "DEBUG $(inherited)";
				SWIFT_OPTIMIZATION_LEVEL = "-Onone";
			};
			name = Debug;
		};
		C4718B8B2D1068AD0032D712 /* Release */ = {
			isa = XCBuildConfiguration;
			buildSettings = {
				ALWAYS_SEARCH_USER_PATHS = NO;
				ASSETCATALOG_COMPILER_GENERATE_SWIFT_ASSET_SYMBOL_EXTENSIONS = YES;
				CLANG_ANALYZER_NONNULL = YES;
				CLANG_ANALYZER_NUMBER_OBJECT_CONVERSION = YES_AGGRESSIVE;
				CLANG_CXX_LANGUAGE_STANDARD = "gnu++20";
				CLANG_ENABLE_MODULES = YES;
				CLANG_ENABLE_OBJC_ARC = YES;
				CLANG_ENABLE_OBJC_WEAK = YES;
				CLANG_WARN_BLOCK_CAPTURE_AUTORELEASING = YES;
				CLANG_WARN_BOOL_CONVERSION = YES;
				CLANG_WARN_COMMA = YES;
				CLANG_WARN_CONSTANT_CONVERSION = YES;
				CLANG_WARN_DEPRECATED_OBJC_IMPLEMENTATIONS = YES;
				CLANG_WARN_DIRECT_OBJC_ISA_USAGE = YES_ERROR;
				CLANG_WARN_DOCUMENTATION_COMMENTS = YES;
				CLANG_WARN_EMPTY_BODY = YES;
				CLANG_WARN_ENUM_CONVERSION = YES;
				CLANG_WARN_INFINITE_RECURSION = YES;
				CLANG_WARN_INT_CONVERSION = YES;
				CLANG_WARN_NON_LITERAL_NULL_CONVERSION = YES;
				CLANG_WARN_OBJC_IMPLICIT_RETAIN_SELF = YES;
				CLANG_WARN_OBJC_LITERAL_CONVERSION = YES;
				CLANG_WARN_OBJC_ROOT_CLASS = YES_ERROR;
				CLANG_WARN_QUOTED_INCLUDE_IN_FRAMEWORK_HEADER = YES;
				CLANG_WARN_RANGE_LOOP_ANALYSIS = YES;
				CLANG_WARN_STRICT_PROTOTYPES = YES;
				CLANG_WARN_SUSPICIOUS_MOVE = YES;
				CLANG_WARN_UNGUARDED_AVAILABILITY = YES_AGGRESSIVE;
				CLANG_WARN_UNREACHABLE_CODE = YES;
				CLANG_WARN__DUPLICATE_METHOD_MATCH = YES;
				COPY_PHASE_STRIP = NO;
				DEBUG_INFORMATION_FORMAT = "dwarf-with-dsym";
				ENABLE_NS_ASSERTIONS = NO;
				ENABLE_STRICT_OBJC_MSGSEND = YES;
				ENABLE_USER_SCRIPT_SANDBOXING = YES;
				GCC_C_LANGUAGE_STANDARD = gnu17;
				GCC_NO_COMMON_BLOCKS = YES;
				GCC_WARN_64_TO_32_BIT_CONVERSION = YES;
				GCC_WARN_ABOUT_RETURN_TYPE = YES_ERROR;
				GCC_WARN_UNDECLARED_SELECTOR = YES;
				GCC_WARN_UNINITIALIZED_AUTOS = YES_AGGRESSIVE;
				GCC_WARN_UNUSED_FUNCTION = YES;
				GCC_WARN_UNUSED_VARIABLE = YES;
				IPHONEOS_DEPLOYMENT_TARGET = 17.5;
				LOCALIZATION_PREFERS_STRING_CATALOGS = YES;
				MTL_ENABLE_DEBUG_INFO = NO;
				MTL_FAST_MATH = YES;
				SDKROOT = iphoneos;
				SWIFT_COMPILATION_MODE = wholemodule;
				VALIDATE_PRODUCT = YES;
			};
			name = Release;
		};
		C4718B8D2D1068AD0032D712 /* Debug */ = {
			isa = XCBuildConfiguration;
			buildSettings = {
				ASSETCATALOG_COMPILER_APPICON_NAME = AppIcon;
				ASSETCATALOG_COMPILER_GLOBAL_ACCENT_COLOR_NAME = AccentColor;
				CODE_SIGN_STYLE = Automatic;
				CURRENT_PROJECT_VERSION = 1;
				DEVELOPMENT_ASSET_PATHS = "\"athr/Preview Content\"";
				ENABLE_PREVIEWS = YES;
				GENERATE_INFOPLIST_FILE = YES;
				INFOPLIST_KEY_UIApplicationSceneManifest_Generation = YES;
				INFOPLIST_KEY_UIApplicationSupportsIndirectInputEvents = YES;
				INFOPLIST_KEY_UILaunchScreen_Generation = YES;
				INFOPLIST_KEY_UISupportedInterfaceOrientations_iPad = "UIInterfaceOrientationPortrait UIInterfaceOrientationPortraitUpsideDown UIInterfaceOrientationLandscapeLeft UIInterfaceOrientationLandscapeRight";
				INFOPLIST_KEY_UISupportedInterfaceOrientations_iPhone = "UIInterfaceOrientationPortrait UIInterfaceOrientationLandscapeLeft UIInterfaceOrientationLandscapeRight";
				LD_RUNPATH_SEARCH_PATHS = (
					"$(inherited)",
					"@executable_path/Frameworks",
				);
				MARKETING_VERSION = 1.0;
				PRODUCT_BUNDLE_IDENTIFIER = amal.athr;
				PRODUCT_NAME = "$(TARGET_NAME)";
				SWIFT_EMIT_LOC_STRINGS = YES;
				SWIFT_VERSION = 5.0;
				TARGETED_DEVICE_FAMILY = "1,2";
			};
			name = Debug;
		};
		C4718B8E2D1068AD0032D712 /* Release */ = {
			isa = XCBuildConfiguration;
			buildSettings = {
				ASSETCATALOG_COMPILER_APPICON_NAME = AppIcon;
				ASSETCATALOG_COMPILER_GLOBAL_ACCENT_COLOR_NAME = AccentColor;
				CODE_SIGN_STYLE = Automatic;
				CURRENT_PROJECT_VERSION = 1;
				DEVELOPMENT_ASSET_PATHS = "\"athr/Preview Content\"";
				ENABLE_PREVIEWS = YES;
				GENERATE_INFOPLIST_FILE = YES;
				INFOPLIST_KEY_UIApplicationSceneManifest_Generation = YES;
				INFOPLIST_KEY_UIApplicationSupportsIndirectInputEvents = YES;
				INFOPLIST_KEY_UILaunchScreen_Generation = YES;
				INFOPLIST_KEY_UISupportedInterfaceOrientations_iPad = "UIInterfaceOrientationPortrait UIInterfaceOrientationPortraitUpsideDown UIInterfaceOrientationLandscapeLeft UIInterfaceOrientationLandscapeRight";
				INFOPLIST_KEY_UISupportedInterfaceOrientations_iPhone = "UIInterfaceOrientationPortrait UIInterfaceOrientationLandscapeLeft UIInterfaceOrientationLandscapeRight";
				LD_RUNPATH_SEARCH_PATHS = (
					"$(inherited)",
					"@executable_path/Frameworks",
				);
				MARKETING_VERSION = 1.0;
				PRODUCT_BUNDLE_IDENTIFIER = amal.athr;
				PRODUCT_NAME = "$(TARGET_NAME)";
				SWIFT_EMIT_LOC_STRINGS = YES;
				SWIFT_VERSION = 5.0;
				TARGETED_DEVICE_FAMILY = "1,2";
			};
			name = Release;
		};
		C4718B902D1068AD0032D712 /* Debug */ = {
			isa = XCBuildConfiguration;
			buildSettings = {
				ALWAYS_EMBED_SWIFT_STANDARD_LIBRARIES = YES;
				BUNDLE_LOADER = "$(TEST_HOST)";
				CODE_SIGN_STYLE = Automatic;
				CURRENT_PROJECT_VERSION = 1;
				GENERATE_INFOPLIST_FILE = YES;
				IPHONEOS_DEPLOYMENT_TARGET = 17.5;
				MARKETING_VERSION = 1.0;
				PRODUCT_BUNDLE_IDENTIFIER = amal.athrTests;
				PRODUCT_NAME = "$(TARGET_NAME)";
				SWIFT_EMIT_LOC_STRINGS = NO;
				SWIFT_VERSION = 5.0;
				TARGETED_DEVICE_FAMILY = "1,2";
				TEST_HOST = "$(BUILT_PRODUCTS_DIR)/athr.app/$(BUNDLE_EXECUTABLE_FOLDER_PATH)/athr";
			};
			name = Debug;
		};
		C4718B912D1068AD0032D712 /* Release */ = {
			isa = XCBuildConfiguration;
			buildSettings = {
				ALWAYS_EMBED_SWIFT_STANDARD_LIBRARIES = YES;
				BUNDLE_LOADER = "$(TEST_HOST)";
				CODE_SIGN_STYLE = Automatic;
				CURRENT_PROJECT_VERSION = 1;
				GENERATE_INFOPLIST_FILE = YES;
				IPHONEOS_DEPLOYMENT_TARGET = 17.5;
				MARKETING_VERSION = 1.0;
				PRODUCT_BUNDLE_IDENTIFIER = amal.athrTests;
				PRODUCT_NAME = "$(TARGET_NAME)";
				SWIFT_EMIT_LOC_STRINGS = NO;
				SWIFT_VERSION = 5.0;
				TARGETED_DEVICE_FAMILY = "1,2";
				TEST_HOST = "$(BUILT_PRODUCTS_DIR)/athr.app/$(BUNDLE_EXECUTABLE_FOLDER_PATH)/athr";
			};
			name = Release;
		};
		C4718B932D1068AD0032D712 /* Debug */ = {
			isa = XCBuildConfiguration;
			buildSettings = {
				ALWAYS_EMBED_SWIFT_STANDARD_LIBRARIES = YES;
				CODE_SIGN_STYLE = Automatic;
				CURRENT_PROJECT_VERSION = 1;
				GENERATE_INFOPLIST_FILE = YES;
				MARKETING_VERSION = 1.0;
				PRODUCT_BUNDLE_IDENTIFIER = amal.athrUITests;
				PRODUCT_NAME = "$(TARGET_NAME)";
				SWIFT_EMIT_LOC_STRINGS = NO;
				SWIFT_VERSION = 5.0;
				TARGETED_DEVICE_FAMILY = "1,2";
				TEST_TARGET_NAME = athr;
			};
			name = Debug;
		};
		C4718B942D1068AD0032D712 /* Release */ = {
			isa = XCBuildConfiguration;
			buildSettings = {
				ALWAYS_EMBED_SWIFT_STANDARD_LIBRARIES = YES;
				CODE_SIGN_STYLE = Automatic;
				CURRENT_PROJECT_VERSION = 1;
				GENERATE_INFOPLIST_FILE = YES;
				MARKETING_VERSION = 1.0;
				PRODUCT_BUNDLE_IDENTIFIER = amal.athrUITests;
				PRODUCT_NAME = "$(TARGET_NAME)";
				SWIFT_EMIT_LOC_STRINGS = NO;
				SWIFT_VERSION = 5.0;
				TARGETED_DEVICE_FAMILY = "1,2";
				TEST_TARGET_NAME = athr;
			};
			name = Release;
		};
/* End XCBuildConfiguration section */

/* Begin XCConfigurationList section */
		C4718B632D1068AB0032D712 /* Build configuration list for PBXProject "athr" */ = {
			isa = XCConfigurationList;
			buildConfigurations = (
				C4718B8A2D1068AD0032D712 /* Debug */,
				C4718B8B2D1068AD0032D712 /* Release */,
			);
			defaultConfigurationIsVisible = 0;
			defaultConfigurationName = Release;
		};
		C4718B8C2D1068AD0032D712 /* Build configuration list for PBXNativeTarget "athr" */ = {
			isa = XCConfigurationList;
			buildConfigurations = (
				C4718B8D2D1068AD0032D712 /* Debug */,
				C4718B8E2D1068AD0032D712 /* Release */,
			);
			defaultConfigurationIsVisible = 0;
			defaultConfigurationName = Release;
		};
		C4718B8F2D1068AD0032D712 /* Build configuration list for PBXNativeTarget "athrTests" */ = {
			isa = XCConfigurationList;
			buildConfigurations = (
				C4718B902D1068AD0032D712 /* Debug */,
				C4718B912D1068AD0032D712 /* Release */,
			);
			defaultConfigurationIsVisible = 0;
			defaultConfigurationName = Release;
		};
		C4718B922D1068AD0032D712 /* Build configuration list for PBXNativeTarget "athrUITests" */ = {
			isa = XCConfigurationList;
			buildConfigurations = (
				C4718B932D1068AD0032D712 /* Debug */,
				C4718B942D1068AD0032D712 /* Release */,
			);
			defaultConfigurationIsVisible = 0;
			defaultConfigurationName = Release;
		};
/* End XCConfigurationList section */
	};
	rootObject = C4718B602D1068AB0032D712 /* Project object */;
}
